{
  "version": 4,
  "terraform_version": "1.0.2",
  "serial": 4,
  "lineage": "73c3830b-703d-42bc-63ba-ef3fa1d8a88d",
  "outputs": {},
  "resources": [
    {
      "mode": "data",
      "type": "template_file",
      "name": "iam_inventory_role_policy",
      "provider": "provider[\"registry.terraform.io/hashicorp/template\"]",
      "instances": [
        {
          "schema_version": 0,
          "attributes": {
            "filename": null,
            "id": "3b96ea66a73241b8d14ed751ee30435a1815a38064cd569ccb035810c46757bd",
            "rendered": "{\r\n    \"Version\": \"2012-10-17\",\r\n    \"Statement\": [\r\n        {\r\n            \"Sid\": \"CloudEngineeringCLI\",\r\n            \"Effect\": \"Allow\",\r\n            \"Action\": \"s3:ListBucket\",\r\n            \"Resource\": \"arn:aws:s3:::mybucket\"\r\n        }\r\n    ]\r\n}",
            "template": "{\r\n    \"Version\": \"2012-10-17\",\r\n    \"Statement\": [\r\n        {\r\n            \"Sid\": \"CloudEngineeringCLI\",\r\n            \"Effect\": \"Allow\",\r\n            \"Action\": \"s3:ListBucket\",\r\n            \"Resource\": \"arn:aws:s3:::${bucket_name}\"\r\n        }\r\n    ]\r\n}",
            "vars": {
              "bucket_name": "mybucket"
            }
          },
          "sensitive_attributes": []
        }
      ]
    },
    {
      "mode": "data",
      "type": "template_file",
      "name": "iam_inventory_role_trust",
      "provider": "provider[\"registry.terraform.io/hashicorp/template\"]",
      "instances": [
        {
          "schema_version": 0,
          "attributes": {
            "filename": null,
            "id": "ccd21027550101e785e8cbf36cd68685f3fa91f285d77fe5c76d6578efe947ef",
            "rendered": "{\r\n    \"Version\": \"2012-10-17\",\r\n    \"Statement\": [\r\n        {\r\n            \"Effect\": \"Allow\",\r\n            \"Principal\": {\r\n                \"AWS\": \"arn:aws:iam::999999999999:root\"\r\n            },\r\n            \"Action\": \"sts:AssumeRole\"\r\n        }\r\n    ]\r\n}",
            "template": "{\r\n    \"Version\": \"2012-10-17\",\r\n    \"Statement\": [\r\n        {\r\n            \"Effect\": \"Allow\",\r\n            \"Principal\": {\r\n                \"AWS\": \"arn:aws:iam::${billing_account_id}:root\"\r\n            },\r\n            \"Action\": \"sts:AssumeRole\"\r\n        }\r\n    ]\r\n}",
            "vars": {
              "billing_account_id": "999999999999"
            }
          },
          "sensitive_attributes": []
        }
      ]
    },
    {
      "module": "module.bucket",
      "mode": "managed",
      "type": "aws_s3_bucket",
      "name": "bucket",
      "provider": "provider[\"registry.terraform.io/hashicorp/aws\"]",
      "instances": [
        {
          "index_key": 0,
          "schema_version": 0,
          "attributes": {
            "acceleration_status": "",
            "acl": "private",
            "arn": "arn:aws:s3:::dfds-cloudengineering-cli",
            "bucket": "dfds-cloudengineering-cli",
            "bucket_domain_name": "dfds-cloudengineering-cli.s3.amazonaws.com",
            "bucket_prefix": null,
            "bucket_regional_domain_name": "dfds-cloudengineering-cli.s3.eu-west-1.amazonaws.com",
            "cors_rule": [],
            "force_destroy": true,
            "grant": [],
            "hosted_zone_id": "Z1BKCTXD74EZPE",
            "id": "dfds-cloudengineering-cli",
            "lifecycle_rule": [],
            "logging": [],
            "object_lock_configuration": [],
            "policy": null,
            "region": "eu-west-1",
            "replication_configuration": [],
            "request_payer": "BucketOwner",
            "server_side_encryption_configuration": [
              {
                "rule": [
                  {
                    "apply_server_side_encryption_by_default": [
                      {
                        "kms_master_key_id": "",
                        "sse_algorithm": "aws:kms"
                      }
                    ],
                    "bucket_key_enabled": false
                  }
                ]
              }
            ],
            "tags": {
              "Managed by": "Terraform"
            },
            "tags_all": {
              "Managed by": "Terraform"
            },
            "versioning": [
              {
                "enabled": false,
                "mfa_delete": false
              }
            ],
            "website": [],
            "website_domain": null,
            "website_endpoint": null
          },
          "sensitive_attributes": [],
          "private": "bnVsbA=="
        }
      ]
    },
    {
      "module": "module.iam_inventory_role_policy",
      "mode": "managed",
      "type": "aws_s3_bucket_object",
      "name": "object",
      "provider": "provider[\"registry.terraform.io/hashicorp/aws\"]",
      "instances": [
        {
          "index_key": 0,
          "schema_version": 0,
          "attributes": {
            "acl": "private",
            "bucket": "dfds-cloudengineering-cli",
            "bucket_key_enabled": false,
            "cache_control": "",
            "content": "{\r\n    \"Version\": \"2012-10-17\",\r\n    \"Statement\": [\r\n        {\r\n            \"Sid\": \"CloudEngineeringCLI\",\r\n            \"Effect\": \"Allow\",\r\n            \"Action\": \"s3:ListBucket\",\r\n            \"Resource\": \"arn:aws:s3:::mybucket\"\r\n        }\r\n    ]\r\n}",
            "content_base64": null,
            "content_disposition": "",
            "content_encoding": "",
            "content_language": "",
            "content_type": "binary/octet-stream",
            "etag": "ec26094f18c9771dd1f5e5b852fbb936",
            "force_destroy": false,
            "id": "aws/iam/inventory-role/policy.json",
            "key": "aws/iam/inventory-role/policy.json",
            "kms_key_id": null,
            "metadata": null,
            "object_lock_legal_hold_status": "",
            "object_lock_mode": "",
            "object_lock_retain_until_date": "",
            "server_side_encryption": "aws:kms",
            "source": null,
            "source_hash": null,
            "storage_class": "STANDARD",
            "tags": null,
            "tags_all": {},
            "version_id": "",
            "website_redirect": ""
          },
          "sensitive_attributes": [],
          "private": "bnVsbA==",
          "dependencies": [
            "data.template_file.iam_inventory_role_policy",
            "module.bucket.aws_s3_bucket.bucket"
          ]
        }
      ]
    },
    {
      "module": "module.iam_inventory_role_trust",
      "mode": "managed",
      "type": "aws_s3_bucket_object",
      "name": "object",
      "provider": "provider[\"registry.terraform.io/hashicorp/aws\"]",
      "instances": [
        {
          "index_key": 0,
          "schema_version": 0,
          "attributes": {
            "acl": "private",
            "bucket": "dfds-cloudengineering-cli",
            "bucket_key_enabled": false,
            "cache_control": "",
            "content": "{\r\n    \"Version\": \"2012-10-17\",\r\n    \"Statement\": [\r\n        {\r\n            \"Effect\": \"Allow\",\r\n            \"Principal\": {\r\n                \"AWS\": \"arn:aws:iam::999999999999:root\"\r\n            },\r\n            \"Action\": \"sts:AssumeRole\"\r\n        }\r\n    ]\r\n}",
            "content_base64": null,
            "content_disposition": "",
            "content_encoding": "",
            "content_language": "",
            "content_type": "binary/octet-stream",
            "etag": "d3dce4da3fb0198e4a5a05b3478ea792",
            "force_destroy": false,
            "id": "aws/iam/inventory-role/trust.json",
            "key": "aws/iam/inventory-role/trust.json",
            "kms_key_id": null,
            "metadata": null,
            "object_lock_legal_hold_status": "",
            "object_lock_mode": "",
            "object_lock_retain_until_date": "",
            "server_side_encryption": "aws:kms",
            "source": null,
            "source_hash": null,
            "storage_class": "STANDARD",
            "tags": null,
            "tags_all": {},
            "version_id": "",
            "website_redirect": ""
          },
          "sensitive_attributes": [],
          "private": "bnVsbA==",
          "dependencies": [
            "data.template_file.iam_inventory_role_trust",
            "module.bucket.aws_s3_bucket.bucket"
          ]
        }
      ]
    }
  ]
}
